// !$*UTF8*$!
{
	archiveVersion = 1;
	classes = {
	};
	objectVersion = 52;
	objects = {

/* Begin PBXBuildFile section */
		1C0E7DD00901C57F6CD52BB3 /* Main.storyboard in Resources */ = {isa = PBXBuildFile; fileRef = FF0AE9CCE147438F103090DE /* Main.storyboard */; };
		5C9FCA54A97A56370D3444F6 /* SwiftPracticeUITests.swift in Sources */ = {isa = PBXBuildFile; fileRef = FCBED65D75966795274DEBD9 /* SwiftPracticeUITests.swift */; };
		6F11ED70D8C89FF68A67D9E9 /* ViewController.swift in Sources */ = {isa = PBXBuildFile; fileRef = AF4F6F9CB23EC16E73585BF1 /* ViewController.swift */; };
		9BFDA943DA436E936EC424E1 /* SwiftPracticeTests.swift in Sources */ = {isa = PBXBuildFile; fileRef = CD4603E6D39634935D151E1F /* SwiftPracticeTests.swift */; };
		AE8DF7F4EC27B919255D3D8A /* SwiftPracticeUITestsLaunchTests.swift in Sources */ = {isa = PBXBuildFile; fileRef = A1872DC5C913D2D4448098B9 /* SwiftPracticeUITestsLaunchTests.swift */; };
		B03CF02F6840DF00D8C123AE /* SceneDelegate.swift in Sources */ = {isa = PBXBuildFile; fileRef = F61B03F3C4577DBEBB2346E4 /* SceneDelegate.swift */; };
		C2A2E29660E6B24E3C7A52D2 /* LaunchScreen.storyboard in Resources */ = {isa = PBXBuildFile; fileRef = 9165913BCA66EC6F7EDF295A /* LaunchScreen.storyboard */; };
		E19276C11F715DB76F86F785 /* AppDelegate.swift in Sources */ = {isa = PBXBuildFile; fileRef = CD94E696FB43B082AC15F5E7 /* AppDelegate.swift */; };
		E5F0DCFF8E9D8B5DBECD1B33 /* Assets.xcassets in Resources */ = {isa = PBXBuildFile; fileRef = 87ACAB3A662A3E4508E5337A /* Assets.xcassets */; };
/* End PBXBuildFile section */

/* Begin PBXContainerItemProxy section */
		F34B3D92DEA554D9DAAB5DDC /* PBXContainerItemProxy */ = {
			isa = PBXContainerItemProxy;
			containerPortal = BD1C92C4AF75176ECADB7EE3 /* Project object */;
			proxyType = 1;
			remoteGlobalIDString = 2219A92A78A998628F74D5B6;
			remoteInfo = SwiftPractice;
		};
		FF2899C5D7851C0CECFC464C /* PBXContainerItemProxy */ = {
			isa = PBXContainerItemProxy;
			containerPortal = BD1C92C4AF75176ECADB7EE3 /* Project object */;
			proxyType = 1;
			remoteGlobalIDString = 2219A92A78A998628F74D5B6;
			remoteInfo = SwiftPractice;
		};
/* End PBXContainerItemProxy section */

/* Begin PBXFileReference section */
		01F2BC1FCFFD03CF023AAC17 /* SwiftPractice.app */ = {isa = PBXFileReference; includeInIndex = 0; lastKnownFileType = wrapper.application; path = SwiftPractice.app; sourceTree = BUILT_PRODUCTS_DIR; };
		139595D62B7F2E71A9736213 /* SwiftPracticeUITests.xctest */ = {isa = PBXFileReference; includeInIndex = 0; lastKnownFileType = wrapper.cfbundle; path = SwiftPracticeUITests.xctest; sourceTree = BUILT_PRODUCTS_DIR; };
		1AEABE36F7D9AD96C34A3D8F /* Base */ = {isa = PBXFileReference; lastKnownFileType = file.storyboard; name = Base; path = Base.lproj/LaunchScreen.storyboard; sourceTree = "<group>"; };
		1FF01A088820182B642DDFE4 /* Base */ = {isa = PBXFileReference; lastKnownFileType = file.storyboard; name = Base; path = Base.lproj/Main.storyboard; sourceTree = "<group>"; };
		78828C6D28A788970054FEEF /* Info.plist */ = {isa = PBXFileReference; lastKnownFileType = text.plist.xml; path = Info.plist; sourceTree = "<group>"; };
		78828C6E28A788A10054FEEF /* Info.plist */ = {isa = PBXFileReference; lastKnownFileType = text.plist.xml; path = Info.plist; sourceTree = "<group>"; };
		87ACAB3A662A3E4508E5337A /* Assets.xcassets */ = {isa = PBXFileReference; lastKnownFileType = folder.assetcatalog; path = Assets.xcassets; sourceTree = "<group>"; };
		932B2359B466805BC04A2177 /* SwiftPracticeTests.xctest */ = {isa = PBXFileReference; includeInIndex = 0; lastKnownFileType = wrapper.cfbundle; path = SwiftPracticeTests.xctest; sourceTree = BUILT_PRODUCTS_DIR; };
		A1872DC5C913D2D4448098B9 /* SwiftPracticeUITestsLaunchTests.swift */ = {isa = PBXFileReference; lastKnownFileType = sourcecode.swift; path = SwiftPracticeUITestsLaunchTests.swift; sourceTree = "<group>"; };
		AF4F6F9CB23EC16E73585BF1 /* ViewController.swift */ = {isa = PBXFileReference; lastKnownFileType = sourcecode.swift; path = ViewController.swift; sourceTree = "<group>"; };
		BAA6FD649A7E4A935E5DC7E4 /* Info.plist */ = {isa = PBXFileReference; lastKnownFileType = text.plist; path = Info.plist; sourceTree = "<group>"; };
		CD4603E6D39634935D151E1F /* SwiftPracticeTests.swift */ = {isa = PBXFileReference; lastKnownFileType = sourcecode.swift; path = SwiftPracticeTests.swift; sourceTree = "<group>"; };
		CD94E696FB43B082AC15F5E7 /* AppDelegate.swift */ = {isa = PBXFileReference; lastKnownFileType = sourcecode.swift; path = AppDelegate.swift; sourceTree = "<group>"; };
		F61B03F3C4577DBEBB2346E4 /* SceneDelegate.swift */ = {isa = PBXFileReference; lastKnownFileType = sourcecode.swift; path = SceneDelegate.swift; sourceTree = "<group>"; };
		FCBED65D75966795274DEBD9 /* SwiftPracticeUITests.swift */ = {isa = PBXFileReference; lastKnownFileType = sourcecode.swift; path = SwiftPracticeUITests.swift; sourceTree = "<group>"; };
/* End PBXFileReference section */

/* Begin PBXGroup section */
		63BA66873512D60CC233F297 /* SwiftPracticeTests */ = {
			isa = PBXGroup;
			children = (
				78828C6D28A788970054FEEF /* Info.plist */,
				CD4603E6D39634935D151E1F /* SwiftPracticeTests.swift */,
			);
			path = SwiftPracticeTests;
			sourceTree = "<group>";
		};
		A11FF581193BBB72506F5D87 /* SwiftPracticeUITests */ = {
			isa = PBXGroup;
			children = (
				78828C6E28A788A10054FEEF /* Info.plist */,
				FCBED65D75966795274DEBD9 /* SwiftPracticeUITests.swift */,
				A1872DC5C913D2D4448098B9 /* SwiftPracticeUITestsLaunchTests.swift */,
			);
			path = SwiftPracticeUITests;
			sourceTree = "<group>";
		};
		A4FBC4FE2198807A72E58F59 /* SwiftPractice */ = {
			isa = PBXGroup;
			children = (
				CD94E696FB43B082AC15F5E7 /* AppDelegate.swift */,
				87ACAB3A662A3E4508E5337A /* Assets.xcassets */,
				BAA6FD649A7E4A935E5DC7E4 /* Info.plist */,
				9165913BCA66EC6F7EDF295A /* LaunchScreen.storyboard */,
				FF0AE9CCE147438F103090DE /* Main.storyboard */,
				F61B03F3C4577DBEBB2346E4 /* SceneDelegate.swift */,
				AF4F6F9CB23EC16E73585BF1 /* ViewController.swift */,
			);
			path = SwiftPractice;
			sourceTree = "<group>";
		};
		ACC696FFCE0F5617407B8E66 = {
			isa = PBXGroup;
			children = (
				A4FBC4FE2198807A72E58F59 /* SwiftPractice */,
				63BA66873512D60CC233F297 /* SwiftPracticeTests */,
				A11FF581193BBB72506F5D87 /* SwiftPracticeUITests */,
				AD5A8E3F5D4A9F122C98E898 /* Products */,
			);
			sourceTree = "<group>";
		};
		AD5A8E3F5D4A9F122C98E898 /* Products */ = {
			isa = PBXGroup;
			children = (
				01F2BC1FCFFD03CF023AAC17 /* SwiftPractice.app */,
				932B2359B466805BC04A2177 /* SwiftPracticeTests.xctest */,
				139595D62B7F2E71A9736213 /* SwiftPracticeUITests.xctest */,
			);
			name = Products;
			sourceTree = "<group>";
		};
/* End PBXGroup section */

/* Begin PBXNativeTarget section */
		2219A92A78A998628F74D5B6 /* SwiftPractice */ = {
			isa = PBXNativeTarget;
			buildConfigurationList = D70B84EAA831F4BED6099774 /* Build configuration list for PBXNativeTarget "SwiftPractice" */;
			buildPhases = (
				878F3F98AE4613FDBD8613CD /* Run swiftformat */,
				952271B8F48C6049F512B4E9 /* Run swiftlint */,
				C6098821945516B8F30F7DAD /* Sources */,
				D57FA0C928AA00D8D91FD950 /* Resources */,
			);
			buildRules = (
			);
			dependencies = (
			);
			name = SwiftPractice;
			productName = SwiftPractice;
			productReference = 01F2BC1FCFFD03CF023AAC17 /* SwiftPractice.app */;
			productType = "com.apple.product-type.application";
		};
		7D649E1F7F70DC44E51D26B6 /* SwiftPracticeUITests */ = {
			isa = PBXNativeTarget;
			buildConfigurationList = A66B7EEF10394C623373BF48 /* Build configuration list for PBXNativeTarget "SwiftPracticeUITests" */;
			buildPhases = (
				0A4F339864C0FF96AC8DDA2B /* Sources */,
			);
			buildRules = (
			);
			dependencies = (
				F0DDE3B2012A27EEC8B038AE /* PBXTargetDependency */,
			);
			name = SwiftPracticeUITests;
			productName = SwiftPracticeUITests;
			productReference = 139595D62B7F2E71A9736213 /* SwiftPracticeUITests.xctest */;
			productType = "com.apple.product-type.bundle.ui-testing";
		};
		E15C3D84E0C7F0279D95F718 /* SwiftPracticeTests */ = {
			isa = PBXNativeTarget;
			buildConfigurationList = C0143AA281C301CDC386AAFE /* Build configuration list for PBXNativeTarget "SwiftPracticeTests" */;
			buildPhases = (
				06C1A826A7805F80A7610EE5 /* Sources */,
			);
			buildRules = (
			);
			dependencies = (
				623AAB01BA1B183025BD08B0 /* PBXTargetDependency */,
			);
			name = SwiftPracticeTests;
			productName = SwiftPracticeTests;
			productReference = 932B2359B466805BC04A2177 /* SwiftPracticeTests.xctest */;
			productType = "com.apple.product-type.bundle.unit-test";
		};
/* End PBXNativeTarget section */

/* Begin PBXProject section */
		BD1C92C4AF75176ECADB7EE3 /* Project object */ = {
			isa = PBXProject;
			attributes = {
				LastUpgradeCheck = 1200;
				TargetAttributes = {
					7D649E1F7F70DC44E51D26B6 = {
						ProvisioningStyle = Manual;
						TestTargetID = 2219A92A78A998628F74D5B6;
					};
					E15C3D84E0C7F0279D95F718 = {
						ProvisioningStyle = Manual;
					};
				};
			};
			buildConfigurationList = A94C5FD61B80E03C2337FBFB /* Build configuration list for PBXProject "SwiftPractice" */;
			compatibilityVersion = "Xcode 11.0";
			developmentRegion = ja;
			hasScannedForEncodings = 0;
			knownRegions = (
				Base,
				ja,
			);
			mainGroup = ACC696FFCE0F5617407B8E66;
			projectDirPath = "";
			projectRoot = "";
			targets = (
				2219A92A78A998628F74D5B6 /* SwiftPractice */,
				E15C3D84E0C7F0279D95F718 /* SwiftPracticeTests */,
				7D649E1F7F70DC44E51D26B6 /* SwiftPracticeUITests */,
			);
		};
/* End PBXProject section */

/* Begin PBXResourcesBuildPhase section */
		D57FA0C928AA00D8D91FD950 /* Resources */ = {
			isa = PBXResourcesBuildPhase;
			buildActionMask = 2147483647;
			files = (
				E5F0DCFF8E9D8B5DBECD1B33 /* Assets.xcassets in Resources */,
				C2A2E29660E6B24E3C7A52D2 /* LaunchScreen.storyboard in Resources */,
				1C0E7DD00901C57F6CD52BB3 /* Main.storyboard in Resources */,
			);
			runOnlyForDeploymentPostprocessing = 0;
		};
/* End PBXResourcesBuildPhase section */

/* Begin PBXShellScriptBuildPhase section */
		878F3F98AE4613FDBD8613CD /* Run swiftformat */ = {
			isa = PBXShellScriptBuildPhase;
			buildActionMask = 2147483647;
			files = (
			);
			inputFileListPaths = (
			);
			inputPaths = (
			);
			name = "Run swiftformat";
			outputFileListPaths = (
			);
			outputPaths = (
			);
			runOnlyForDeploymentPostprocessing = 0;
			shellPath = /bin/sh;
			shellScript = "if which mint >/dev/null; then\n  xcrun --sdk macosx mint run swiftformat .\nfi\n";
		};
		952271B8F48C6049F512B4E9 /* Run swiftlint */ = {
			isa = PBXShellScriptBuildPhase;
			buildActionMask = 2147483647;
			files = (
			);
			inputFileListPaths = (
			);
			inputPaths = (
			);
			name = "Run swiftlint";
			outputFileListPaths = (
			);
			outputPaths = (
			);
			runOnlyForDeploymentPostprocessing = 0;
			shellPath = /bin/sh;
			shellScript = "if which mint >/dev/null; then\n  git diff --name-only | grep .swift | while read filename; do\n    xcrun --sdk macosx mint run swiftlint \"$filename\"\n  done\nfi\n";
		};
/* End PBXShellScriptBuildPhase section */

/* Begin PBXSourcesBuildPhase section */
		06C1A826A7805F80A7610EE5 /* Sources */ = {
			isa = PBXSourcesBuildPhase;
			buildActionMask = 2147483647;
			files = (
				9BFDA943DA436E936EC424E1 /* SwiftPracticeTests.swift in Sources */,
			);
			runOnlyForDeploymentPostprocessing = 0;
		};
		0A4F339864C0FF96AC8DDA2B /* Sources */ = {
			isa = PBXSourcesBuildPhase;
			buildActionMask = 2147483647;
			files = (
				5C9FCA54A97A56370D3444F6 /* SwiftPracticeUITests.swift in Sources */,
				AE8DF7F4EC27B919255D3D8A /* SwiftPracticeUITestsLaunchTests.swift in Sources */,
			);
			runOnlyForDeploymentPostprocessing = 0;
		};
		C6098821945516B8F30F7DAD /* Sources */ = {
			isa = PBXSourcesBuildPhase;
			buildActionMask = 2147483647;
			files = (
				E19276C11F715DB76F86F785 /* AppDelegate.swift in Sources */,
				B03CF02F6840DF00D8C123AE /* SceneDelegate.swift in Sources */,
				6F11ED70D8C89FF68A67D9E9 /* ViewController.swift in Sources */,
			);
			runOnlyForDeploymentPostprocessing = 0;
		};
/* End PBXSourcesBuildPhase section */

/* Begin PBXTargetDependency section */
		623AAB01BA1B183025BD08B0 /* PBXTargetDependency */ = {
			isa = PBXTargetDependency;
			target = 2219A92A78A998628F74D5B6 /* SwiftPractice */;
			targetProxy = FF2899C5D7851C0CECFC464C /* PBXContainerItemProxy */;
		};
		F0DDE3B2012A27EEC8B038AE /* PBXTargetDependency */ = {
			isa = PBXTargetDependency;
			target = 2219A92A78A998628F74D5B6 /* SwiftPractice */;
			targetProxy = F34B3D92DEA554D9DAAB5DDC /* PBXContainerItemProxy */;
		};
/* End PBXTargetDependency section */

/* Begin PBXVariantGroup section */
		9165913BCA66EC6F7EDF295A /* LaunchScreen.storyboard */ = {
			isa = PBXVariantGroup;
			children = (
				1AEABE36F7D9AD96C34A3D8F /* Base */,
			);
			name = LaunchScreen.storyboard;
			sourceTree = "<group>";
		};
		FF0AE9CCE147438F103090DE /* Main.storyboard */ = {
			isa = PBXVariantGroup;
			children = (
				1FF01A088820182B642DDFE4 /* Base */,
			);
			name = Main.storyboard;
			sourceTree = "<group>";
		};
/* End PBXVariantGroup section */

/* Begin XCBuildConfiguration section */
		04D76E19D8A6146B27A72AA6 /* Release */ = {
			isa = XCBuildConfiguration;
			buildSettings = {
				ASSETCATALOG_COMPILER_APPICON_NAME = AppIcon;
				CODE_SIGN_IDENTITY = "iPhone Developer";
				CURRENT_PROJECT_VERSION = 1.0;
				DEVELOPMENT_LANGUAGE = jp;
				INFOPLIST_FILE = SwiftPractice/Info.plist;
				LD_RUNPATH_SEARCH_PATHS = (
					"$(inherited)",
					"@executable_path/Frameworks",
				);
				MARKETING_VERSION = 1.0;
				PRODUCT_BUNDLE_IDENTIFIER = "yossibank-yahoo.co.jp.swiftPractice";
				PRODUCT_NAME = "$(TARGET_NAME)";
				SDKROOT = iphoneos;
				TARGETED_DEVICE_FAMILY = "1,2";
			};
			name = Release;
		};
		183DFD53E2EF2941EDC3D642 /* Release */ = {
			isa = XCBuildConfiguration;
			buildSettings = {
				ALWAYS_SEARCH_USER_PATHS = NO;
				CLANG_ANALYZER_NONNULL = YES;
				CLANG_ANALYZER_NUMBER_OBJECT_CONVERSION = YES_AGGRESSIVE;
				CLANG_CXX_LANGUAGE_STANDARD = "gnu++14";
				CLANG_CXX_LIBRARY = "libc++";
				CLANG_ENABLE_MODULES = YES;
				CLANG_ENABLE_OBJC_ARC = YES;
				CLANG_ENABLE_OBJC_WEAK = YES;
				CLANG_WARN_BLOCK_CAPTURE_AUTORELEASING = YES;
				CLANG_WARN_BOOL_CONVERSION = YES;
				CLANG_WARN_COMMA = YES;
				CLANG_WARN_CONSTANT_CONVERSION = YES;
				CLANG_WARN_DEPRECATED_OBJC_IMPLEMENTATIONS = YES;
				CLANG_WARN_DIRECT_OBJC_ISA_USAGE = YES_ERROR;
				CLANG_WARN_DOCUMENTATION_COMMENTS = YES;
				CLANG_WARN_EMPTY_BODY = YES;
				CLANG_WARN_ENUM_CONVERSION = YES;
				CLANG_WARN_INFINITE_RECURSION = YES;
				CLANG_WARN_INT_CONVERSION = YES;
				CLANG_WARN_NON_LITERAL_NULL_CONVERSION = YES;
				CLANG_WARN_OBJC_IMPLICIT_RETAIN_SELF = YES;
				CLANG_WARN_OBJC_LITERAL_CONVERSION = YES;
				CLANG_WARN_OBJC_ROOT_CLASS = YES_ERROR;
				CLANG_WARN_QUOTED_INCLUDE_IN_FRAMEWORK_HEADER = YES;
				CLANG_WARN_RANGE_LOOP_ANALYSIS = YES;
				CLANG_WARN_STRICT_PROTOTYPES = YES;
				CLANG_WARN_SUSPICIOUS_MOVE = YES;
				CLANG_WARN_UNGUARDED_AVAILABILITY = YES_AGGRESSIVE;
				CLANG_WARN_UNREACHABLE_CODE = YES;
				CLANG_WARN__DUPLICATE_METHOD_MATCH = YES;
				COPY_PHASE_STRIP = NO;
				DEBUG_INFORMATION_FORMAT = "dwarf-with-dsym";
				ENABLE_NS_ASSERTIONS = NO;
				ENABLE_STRICT_OBJC_MSGSEND = YES;
				GCC_C_LANGUAGE_STANDARD = gnu11;
				GCC_NO_COMMON_BLOCKS = YES;
				GCC_WARN_64_TO_32_BIT_CONVERSION = YES;
				GCC_WARN_ABOUT_RETURN_TYPE = YES_ERROR;
				GCC_WARN_UNDECLARED_SELECTOR = YES;
				GCC_WARN_UNINITIALIZED_AUTOS = YES_AGGRESSIVE;
				GCC_WARN_UNUSED_FUNCTION = YES;
				GCC_WARN_UNUSED_VARIABLE = YES;
				IPHONEOS_DEPLOYMENT_TARGET = 14.0;
				MTL_ENABLE_DEBUG_INFO = NO;
				MTL_FAST_MATH = YES;
				PRODUCT_NAME = "$(TARGET_NAME)";
				SDKROOT = iphoneos;
				SWIFT_COMPILATION_MODE = wholemodule;
				SWIFT_OPTIMIZATION_LEVEL = "-O";
				SWIFT_VERSION = 5.0;
			};
			name = Release;
		};
		4538A09B7345AFDBA57011DB /* Debug */ = {
			isa = XCBuildConfiguration;
			buildSettings = {
				ALWAYS_SEARCH_USER_PATHS = NO;
				CLANG_ANALYZER_NONNULL = YES;
				CLANG_ANALYZER_NUMBER_OBJECT_CONVERSION = YES_AGGRESSIVE;
				CLANG_CXX_LANGUAGE_STANDARD = "gnu++14";
				CLANG_CXX_LIBRARY = "libc++";
				CLANG_ENABLE_MODULES = YES;
				CLANG_ENABLE_OBJC_ARC = YES;
				CLANG_ENABLE_OBJC_WEAK = YES;
				CLANG_WARN_BLOCK_CAPTURE_AUTORELEASING = YES;
				CLANG_WARN_BOOL_CONVERSION = YES;
				CLANG_WARN_COMMA = YES;
				CLANG_WARN_CONSTANT_CONVERSION = YES;
				CLANG_WARN_DEPRECATED_OBJC_IMPLEMENTATIONS = YES;
				CLANG_WARN_DIRECT_OBJC_ISA_USAGE = YES_ERROR;
				CLANG_WARN_DOCUMENTATION_COMMENTS = YES;
				CLANG_WARN_EMPTY_BODY = YES;
				CLANG_WARN_ENUM_CONVERSION = YES;
				CLANG_WARN_INFINITE_RECURSION = YES;
				CLANG_WARN_INT_CONVERSION = YES;
				CLANG_WARN_NON_LITERAL_NULL_CONVERSION = YES;
				CLANG_WARN_OBJC_IMPLICIT_RETAIN_SELF = YES;
				CLANG_WARN_OBJC_LITERAL_CONVERSION = YES;
				CLANG_WARN_OBJC_ROOT_CLASS = YES_ERROR;
				CLANG_WARN_QUOTED_INCLUDE_IN_FRAMEWORK_HEADER = YES;
				CLANG_WARN_RANGE_LOOP_ANALYSIS = YES;
				CLANG_WARN_STRICT_PROTOTYPES = YES;
				CLANG_WARN_SUSPICIOUS_MOVE = YES;
				CLANG_WARN_UNGUARDED_AVAILABILITY = YES_AGGRESSIVE;
				CLANG_WARN_UNREACHABLE_CODE = YES;
				CLANG_WARN__DUPLICATE_METHOD_MATCH = YES;
				COPY_PHASE_STRIP = NO;
				DEBUG_INFORMATION_FORMAT = dwarf;
				ENABLE_STRICT_OBJC_MSGSEND = YES;
				ENABLE_TESTABILITY = YES;
				GCC_C_LANGUAGE_STANDARD = gnu11;
				GCC_DYNAMIC_NO_PIC = NO;
				GCC_NO_COMMON_BLOCKS = YES;
				GCC_OPTIMIZATION_LEVEL = 0;
				GCC_PREPROCESSOR_DEFINITIONS = (
					"$(inherited)",
					"DEBUG=1",
				);
				GCC_WARN_64_TO_32_BIT_CONVERSION = YES;
				GCC_WARN_ABOUT_RETURN_TYPE = YES_ERROR;
				GCC_WARN_UNDECLARED_SELECTOR = YES;
				GCC_WARN_UNINITIALIZED_AUTOS = YES_AGGRESSIVE;
				GCC_WARN_UNUSED_FUNCTION = YES;
				GCC_WARN_UNUSED_VARIABLE = YES;
				IPHONEOS_DEPLOYMENT_TARGET = 14.0;
				MTL_ENABLE_DEBUG_INFO = INCLUDE_SOURCE;
				MTL_FAST_MATH = YES;
				ONLY_ACTIVE_ARCH = YES;
				PRODUCT_NAME = "$(TARGET_NAME)";
				SDKROOT = iphoneos;
				SWIFT_ACTIVE_COMPILATION_CONDITIONS = DEBUG;
				SWIFT_OPTIMIZATION_LEVEL = "-Onone";
				SWIFT_VERSION = 5.0;
			};
			name = Debug;
		};
		4F2A168A14D36D191B37DC58 /* Release */ = {
			isa = XCBuildConfiguration;
			buildSettings = {
				BUNDLE_LOADER = "$(TEST_HOST)";
				CODE_SIGN_STYLE = Manual;
				INFOPLIST_FILE = SwiftPracticeTests/Info.plist;
				LD_RUNPATH_SEARCH_PATHS = (
					"$(inherited)",
					"@executable_path/Frameworks",
					"@loader_path/Frameworks",
				);
				SDKROOT = iphoneos;
				TARGETED_DEVICE_FAMILY = "1,2";
				TEST_HOST = "$(BUILT_PRODUCTS_DIR)/SwiftPractice.app/SwiftPractice";
			};
			name = Release;
		};
		5AC6B085664F5130C23C0EEE /* Release */ = {
			isa = XCBuildConfiguration;
			buildSettings = {
				BUNDLE_LOADER = "$(TEST_HOST)";
				CODE_SIGN_STYLE = Manual;
				INFOPLIST_FILE = SwiftPracticeUITests/Info.plist;
				LD_RUNPATH_SEARCH_PATHS = (
					"$(inherited)",
					"@executable_path/Frameworks",
					"@loader_path/Frameworks",
				);
				SDKROOT = iphoneos;
				TARGETED_DEVICE_FAMILY = "1,2";
				TEST_TARGET_NAME = SwiftPractice;
			};
			name = Release;
		};
		B0B2886E63ED331105CD1153 /* Debug */ = {
			isa = XCBuildConfiguration;
			buildSettings = {
				BUNDLE_LOADER = "$(TEST_HOST)";
				CODE_SIGN_STYLE = Manual;
				INFOPLIST_FILE = SwiftPracticeUITests/Info.plist;
				LD_RUNPATH_SEARCH_PATHS = (
					"$(inherited)",
					"@executable_path/Frameworks",
					"@loader_path/Frameworks",
				);
				SDKROOT = iphoneos;
				TARGETED_DEVICE_FAMILY = "1,2";
				TEST_TARGET_NAME = SwiftPractice;
			};
			name = Debug;
		};
		C1CD9F0A715D100489EB3B87 /* Debug */ = {
			isa = XCBuildConfiguration;
			buildSettings = {
				ASSETCATALOG_COMPILER_APPICON_NAME = AppIcon;
				CODE_SIGN_IDENTITY = "iPhone Developer";
				CURRENT_PROJECT_VERSION = 1.0;
				DEBUG_INFORMATION_FORMAT = "dwarf-with-dsym";
				DEVELOPMENT_LANGUAGE = jp;
				INFOPLIST_FILE = SwiftPractice/Info.plist;
				LD_RUNPATH_SEARCH_PATHS = (
					"$(inherited)",
					"@executable_path/Frameworks",
				);
				MARKETING_VERSION = 1.0;
				PRODUCT_BUNDLE_IDENTIFIER = "yossibank-yahoo.co.jp.swiftPractice";
				PRODUCT_NAME = "$(TARGET_NAME)";
				SDKROOT = iphoneos;
				TARGETED_DEVICE_FAMILY = "1,2";
			};
			name = Debug;
		};
		E1BC4828681905C6784A5CB8 /* Debug */ = {
			isa = XCBuildConfiguration;
			buildSettings = {
				BUNDLE_LOADER = "$(TEST_HOST)";
				CODE_SIGN_STYLE = Manual;
				INFOPLIST_FILE = SwiftPracticeTests/Info.plist;
				LD_RUNPATH_SEARCH_PATHS = (
					"$(inherited)",
					"@executable_path/Frameworks",
					"@loader_path/Frameworks",
				);
				SDKROOT = iphoneos;
				TARGETED_DEVICE_FAMILY = "1,2";
				TEST_HOST = "$(BUILT_PRODUCTS_DIR)/SwiftPractice.app/SwiftPractice";
			};
			name = Debug;
		};
/* End XCBuildConfiguration section */

/* Begin XCConfigurationList section */
		A66B7EEF10394C623373BF48 /* Build configuration list for PBXNativeTarget "SwiftPracticeUITests" */ = {
			isa = XCConfigurationList;
			buildConfigurations = (
				B0B2886E63ED331105CD1153 /* Debug */,
				5AC6B085664F5130C23C0EEE /* Release */,
			);
			defaultConfigurationIsVisible = 0;
			defaultConfigurationName = Debug;
		};
		A94C5FD61B80E03C2337FBFB /* Build configuration list for PBXProject "SwiftPractice" */ = {
			isa = XCConfigurationList;
			buildConfigurations = (
				4538A09B7345AFDBA57011DB /* Debug */,
				183DFD53E2EF2941EDC3D642 /* Release */,
			);
			defaultConfigurationIsVisible = 0;
			defaultConfigurationName = Debug;
		};
		C0143AA281C301CDC386AAFE /* Build configuration list for PBXNativeTarget "SwiftPracticeTests" */ = {
			isa = XCConfigurationList;
			buildConfigurations = (
				E1BC4828681905C6784A5CB8 /* Debug */,
				4F2A168A14D36D191B37DC58 /* Release */,
			);
			defaultConfigurationIsVisible = 0;
			defaultConfigurationName = Debug;
		};
		D70B84EAA831F4BED6099774 /* Build configuration list for PBXNativeTarget "SwiftPractice" */ = {
			isa = XCConfigurationList;
			buildConfigurations = (
				C1CD9F0A715D100489EB3B87 /* Debug */,
				04D76E19D8A6146B27A72AA6 /* Release */,
			);
			defaultConfigurationIsVisible = 0;
			defaultConfigurationName = Debug;
		};
/* End XCConfigurationList section */
	};
	rootObject = BD1C92C4AF75176ECADB7EE3 /* Project object */;
}
